
Microsoft Visual Studio Solution File, Format Version 12.00
# Visual Studio Version 17
VisualStudioVersion = 17.10.34928.147
MinimumVisualStudioVersion = 10.0.40219.1
Project("{9A19103F-16F7-4668-BE54-9A1E7A4F7556}") = "BCB_DOC4111_SaldoDiario", "BCB_DOC4111_SaldoDiario\BCB_DOC4111_SaldoDiario.csproj", "{41896EAD-F9C5-4FAB-997B-1F3DBCB0AFB5}"
EndProject
Project("{2150E333-8FDC-42A3-9474-1A3956D46DE8}") = "01_Apresentacao", "01_Apresentacao", "{B52FA188-22E1-44FD-8E6C-283BEB2B9A2D}"
EndProject
Project("{2150E333-8FDC-42A3-9474-1A3956D46DE8}") = "02_Aplicacao", "02_Aplicacao", "{78BE8385-3AE4-4863-AA21-A616998AB13B}"
EndProject
Project("{2150E333-8FDC-42A3-9474-1A3956D46DE8}") = "03_Dominio", "03_Dominio", "{572184A2-7447-46E5-82AB-DE8E531A8C3E}"
EndProject
Project("{2150E333-8FDC-42A3-9474-1A3956D46DE8}") = "04_Infra", "04_Infra", "{256869FB-0522-45C3-A3E1-A5B60DEAA05A}"
EndProject
Project("{FAE04EC0-301F-11D3-BF4B-00C04F79EFBC}") = "Domain", "Domain\Domain.csproj", "{E6EF609E-E923-4EB3-B067-93CF0762B5A2}"
EndProject
Project("{FAE04EC0-301F-11D3-BF4B-00C04F79EFBC}") = "Infra", "Infra\Infra.csproj", "{12F5A652-504D-42D3-902B-15BA465621CE}"
EndProject
Project("{FAE04EC0-301F-11D3-BF4B-00C04F79EFBC}") = "App", "App\App.csproj", "{CDC66DCC-4B4F-497C-B4AC-639F61A0A8DA}"
EndProject
Project("{2150E333-8FDC-42A3-9474-1A3956D46DE8}") = "05_CrossCutting", "05_CrossCutting", "{B56D90A7-63F9-463B-8E51-408EE81766EB}"
EndProject
Project("{FAE04EC0-301F-11D3-BF4B-00C04F79EFBC}") = "CrossCutting", "CrossCutting\CrossCutting.csproj", "{666270E7-DF05-44D8-997C-701773376F85}"
EndProject
Project("{2150E333-8FDC-42A3-9474-1A3956D46DE8}") = "06_TDD", "06_TDD", "{7A50D1B3-AB1C-4E81-995D-C83ABB1B5F28}"
EndProject
Project("{FAE04EC0-301F-11D3-BF4B-00C04F79EFBC}") = "TDDProjeto", "TDDProjeto\TDDProjeto.csproj", "{6FC36262-549F-4CCA-A4DB-CC925FD21E23}"
EndProject
Global
	GlobalSection(SolutionConfigurationPlatforms) = preSolution
		Debug|Any CPU = Debug|Any CPU
		Release|Any CPU = Release|Any CPU
	EndGlobalSection
	GlobalSection(ProjectConfigurationPlatforms) = postSolution
		{41896EAD-F9C5-4FAB-997B-1F3DBCB0AFB5}.Debug|Any CPU.ActiveCfg = Debug|Any CPU
		{41896EAD-F9C5-4FAB-997B-1F3DBCB0AFB5}.Debug|Any CPU.Build.0 = Debug|Any CPU
		{41896EAD-F9C5-4FAB-997B-1F3DBCB0AFB5}.Release|Any CPU.ActiveCfg = Release|Any CPU
		{41896EAD-F9C5-4FAB-997B-1F3DBCB0AFB5}.Release|Any CPU.Build.0 = Release|Any CPU
		{E6EF609E-E923-4EB3-B067-93CF0762B5A2}.Debug|Any CPU.ActiveCfg = Debug|Any CPU
		{E6EF609E-E923-4EB3-B067-93CF0762B5A2}.Debug|Any CPU.Build.0 = Debug|Any CPU
		{E6EF609E-E923-4EB3-B067-93CF0762B5A2}.Release|Any CPU.ActiveCfg = Release|Any CPU
		{E6EF609E-E923-4EB3-B067-93CF0762B5A2}.Release|Any CPU.Build.0 = Release|Any CPU
		{12F5A652-504D-42D3-902B-15BA465621CE}.Debug|Any CPU.ActiveCfg = Debug|Any CPU
		{12F5A652-504D-42D3-902B-15BA465621CE}.Debug|Any CPU.Build.0 = Debug|Any CPU
		{12F5A652-504D-42D3-902B-15BA465621CE}.Release|Any CPU.ActiveCfg = Release|Any CPU
		{12F5A652-504D-42D3-902B-15BA465621CE}.Release|Any CPU.Build.0 = Release|Any CPU
		{CDC66DCC-4B4F-497C-B4AC-639F61A0A8DA}.Debug|Any CPU.ActiveCfg = Debug|Any CPU
		{CDC66DCC-4B4F-497C-B4AC-639F61A0A8DA}.Debug|Any CPU.Build.0 = Debug|Any CPU
		{CDC66DCC-4B4F-497C-B4AC-639F61A0A8DA}.Release|Any CPU.ActiveCfg = Release|Any CPU
		{CDC66DCC-4B4F-497C-B4AC-639F61A0A8DA}.Release|Any CPU.Build.0 = Release|Any CPU
		{666270E7-DF05-44D8-997C-701773376F85}.Debug|Any CPU.ActiveCfg = Debug|Any CPU
		{666270E7-DF05-44D8-997C-701773376F85}.Debug|Any CPU.Build.0 = Debug|Any CPU
		{666270E7-DF05-44D8-997C-701773376F85}.Release|Any CPU.ActiveCfg = Release|Any CPU
		{666270E7-DF05-44D8-997C-701773376F85}.Release|Any CPU.Build.0 = Release|Any CPU
		{6FC36262-549F-4CCA-A4DB-CC925FD21E23}.Debug|Any CPU.ActiveCfg = Debug|Any CPU
		{6FC36262-549F-4CCA-A4DB-CC925FD21E23}.Debug|Any CPU.Build.0 = Debug|Any CPU
		{6FC36262-549F-4CCA-A4DB-CC925FD21E23}.Release|Any CPU.ActiveCfg = Release|Any CPU
		{6FC36262-549F-4CCA-A4DB-CC925FD21E23}.Release|Any CPU.Build.0 = Release|Any CPU
	EndGlobalSection
	GlobalSection(SolutionProperties) = preSolution
		HideSolutionNode = FALSE
	EndGlobalSection
	GlobalSection(NestedProjects) = preSolution
		{41896EAD-F9C5-4FAB-997B-1F3DBCB0AFB5} = {B52FA188-22E1-44FD-8E6C-283BEB2B9A2D}
		{E6EF609E-E923-4EB3-B067-93CF0762B5A2} = {572184A2-7447-46E5-82AB-DE8E531A8C3E}
		{12F5A652-504D-42D3-902B-15BA465621CE} = {256869FB-0522-45C3-A3E1-A5B60DEAA05A}
		{CDC66DCC-4B4F-497C-B4AC-639F61A0A8DA} = {78BE8385-3AE4-4863-AA21-A616998AB13B}
		{666270E7-DF05-44D8-997C-701773376F85} = {B56D90A7-63F9-463B-8E51-408EE81766EB}
		{6FC36262-549F-4CCA-A4DB-CC925FD21E23} = {7A50D1B3-AB1C-4E81-995D-C83ABB1B5F28}
	EndGlobalSection
	GlobalSection(ExtensibilityGlobals) = postSolution
		SolutionGuid = {DC78B240-B994-4D38-B892-866E0DD107F5}
	EndGlobalSection
EndGlobal
